
Microsoft Visual Studio Solution File, Format Version 12.00
# Visual Studio 14
VisualStudioVersion = 14.0.25420.1
MinimumVisualStudioVersion = 10.0.40219.1
Project("{FAE04EC0-301F-11D3-BF4B-00C04F79EFBC}") = "L11", "L11\L11.csproj", "{62850FE9-4582-4C91-984F-A479430970F3}"
EndProject
Project("{FAE04EC0-301F-11D3-BF4B-00C04F79EFBC}") = "Paint", "Paint\Paint.csproj", "{34CAEBD9-7A2A-471C-A64C-FB97B7D18385}"
EndProject
Global
	GlobalSection(SolutionConfigurationPlatforms) = preSolution
		Debug|Any CPU = Debug|Any CPU
		Release|Any CPU = Release|Any CPU
	EndGlobalSection
	GlobalSection(ProjectConfigurationPlatforms) = postSolution
		{62850FE9-4582-4C91-984F-A479430970F3}.Debug|Any CPU.ActiveCfg = Debug|Any CPU
		{62850FE9-4582-4C91-984F-A479430970F3}.Debug|Any CPU.Build.0 = Debug|Any CPU
		{62850FE9-4582-4C91-984F-A479430970F3}.Release|Any CPU.ActiveCfg = Release|Any CPU
		{62850FE9-4582-4C91-984F-A479430970F3}.Release|Any CPU.Build.0 = Release|Any CPU
		{34CAEBD9-7A2A-471C-A64C-FB97B7D18385}.Debug|Any CPU.ActiveCfg = Debug|Any CPU
		{34CAEBD9-7A2A-471C-A64C-FB97B7D18385}.Debug|Any CPU.Build.0 = Debug|Any CPU
		{34CAEBD9-7A2A-471C-A64C-FB97B7D18385}.Release|Any CPU.ActiveCfg = Release|Any CPU
		{34CAEBD9-7A2A-471C-A64C-FB97B7D18385}.Release|Any CPU.Build.0 = Release|Any CPU
	EndGlobalSection
	GlobalSection(SolutionProperties) = preSolution
		HideSolutionNode = FALSE
	EndGlobalSection
EndGlobal
