
Microsoft Visual Studio Solution File, Format Version 12.00
# Visual Studio 14
VisualStudioVersion = 14.0.25420.1
MinimumVisualStudioVersion = 10.0.40219.1
Project("{FAE04EC0-301F-11D3-BF4B-00C04F79EFBC}") = "Lec7", "Lec7\Lec7.csproj", "{CB3CD81B-F0C9-49AF-AE44-B023C3983756}"
EndProject
Project("{FAE04EC0-301F-11D3-BF4B-00C04F79EFBC}") = "snake", "snake\snake.csproj", "{AF01A505-87CE-4ABD-920D-643C66D44C68}"
EndProject
Global
	GlobalSection(SolutionConfigurationPlatforms) = preSolution
		Debug|Any CPU = Debug|Any CPU
		Release|Any CPU = Release|Any CPU
	EndGlobalSection
	GlobalSection(ProjectConfigurationPlatforms) = postSolution
		{CB3CD81B-F0C9-49AF-AE44-B023C3983756}.Debug|Any CPU.ActiveCfg = Debug|Any CPU
		{CB3CD81B-F0C9-49AF-AE44-B023C3983756}.Debug|Any CPU.Build.0 = Debug|Any CPU
		{CB3CD81B-F0C9-49AF-AE44-B023C3983756}.Release|Any CPU.ActiveCfg = Release|Any CPU
		{CB3CD81B-F0C9-49AF-AE44-B023C3983756}.Release|Any CPU.Build.0 = Release|Any CPU
		{AF01A505-87CE-4ABD-920D-643C66D44C68}.Debug|Any CPU.ActiveCfg = Debug|Any CPU
		{AF01A505-87CE-4ABD-920D-643C66D44C68}.Debug|Any CPU.Build.0 = Debug|Any CPU
		{AF01A505-87CE-4ABD-920D-643C66D44C68}.Release|Any CPU.ActiveCfg = Release|Any CPU
		{AF01A505-87CE-4ABD-920D-643C66D44C68}.Release|Any CPU.Build.0 = Release|Any CPU
	EndGlobalSection
	GlobalSection(SolutionProperties) = preSolution
		HideSolutionNode = FALSE
	EndGlobalSection
EndGlobal
